
Microsoft Visual Studio Solution File, Format Version 12.00
# Visual Studio 15
VisualStudioVersion = 15.0.27130.2020
MinimumVisualStudioVersion = 10.0.40219.1
Project("{F2A71F9B-5D33-465A-A702-920D77279786}") = "Png", "Png\Png.fsproj", "{F791E94C-6FE8-463B-9486-ADC8AC72189F}"
EndProject
Global
	GlobalSection(SolutionConfigurationPlatforms) = preSolution
		Debug|Any CPU = Debug|Any CPU
		Release|Any CPU = Release|Any CPU
	EndGlobalSection
	GlobalSection(ProjectConfigurationPlatforms) = postSolution
		{F791E94C-6FE8-463B-9486-ADC8AC72189F}.Debug|Any CPU.ActiveCfg = Debug|Any CPU
		{F791E94C-6FE8-463B-9486-ADC8AC72189F}.Debug|Any CPU.Build.0 = Debug|Any CPU
		{F791E94C-6FE8-463B-9486-ADC8AC72189F}.Release|Any CPU.ActiveCfg = Release|Any CPU
		{F791E94C-6FE8-463B-9486-ADC8AC72189F}.Release|Any CPU.Build.0 = Release|Any CPU
	EndGlobalSection
	GlobalSection(SolutionProperties) = preSolution
		HideSolutionNode = FALSE
	EndGlobalSection
	GlobalSection(ExtensibilityGlobals) = postSolution
		SolutionGuid = {FF44CB4F-8E62-43BB-8B40-D147F9D5D5BE}
	EndGlobalSection
EndGlobal
